
Microsoft Visual Studio Solution File, Format Version 12.00
# Visual Studio 15
VisualStudioVersion = 15.0.27428.2037
MinimumVisualStudioVersion = 10.0.40219.1
Project("{2150E333-8FDC-42A3-9474-1A3956D46DE8}") = ".nuget", ".nuget", "{3F7D9060-3307-4C48-A8EA-C2493C6F7645}"
	ProjectSection(SolutionItems) = preProject
		.nuget\NuGet.Config = .nuget\NuGet.Config
		.nuget\NuGet.exe = .nuget\NuGet.exe
		.nuget\NuGet.targets = .nuget\NuGet.targets
	EndProjectSection
EndProject
Project("{FAE04EC0-301F-11D3-BF4B-00C04F79EFBC}") = "ExtensionMinder", "ExtensionMinder\ExtensionMinder.csproj", "{64617FEC-D2DE-4090-A8B9-17E8A3DB5D13}"
EndProject
Project("{FAE04EC0-301F-11D3-BF4B-00C04F79EFBC}") = "ExtensionMinder.Tests", "ExtensionMinder.Tests\ExtensionMinder.Tests.csproj", "{0D51B8C7-C470-4737-B245-F64EE4913CBF}"
EndProject
Global
	GlobalSection(SolutionConfigurationPlatforms) = preSolution
		Debug|Any CPU = Debug|Any CPU
		Release|Any CPU = Release|Any CPU
	EndGlobalSection
	GlobalSection(ProjectConfigurationPlatforms) = postSolution
		{64617FEC-D2DE-4090-A8B9-17E8A3DB5D13}.Debug|Any CPU.ActiveCfg = Debug|Any CPU
		{64617FEC-D2DE-4090-A8B9-17E8A3DB5D13}.Debug|Any CPU.Build.0 = Debug|Any CPU
		{64617FEC-D2DE-4090-A8B9-17E8A3DB5D13}.Release|Any CPU.ActiveCfg = Release|Any CPU
		{64617FEC-D2DE-4090-A8B9-17E8A3DB5D13}.Release|Any CPU.Build.0 = Release|Any CPU
		{0D51B8C7-C470-4737-B245-F64EE4913CBF}.Debug|Any CPU.ActiveCfg = Debug|Any CPU
		{0D51B8C7-C470-4737-B245-F64EE4913CBF}.Debug|Any CPU.Build.0 = Debug|Any CPU
		{0D51B8C7-C470-4737-B245-F64EE4913CBF}.Release|Any CPU.ActiveCfg = Release|Any CPU
		{0D51B8C7-C470-4737-B245-F64EE4913CBF}.Release|Any CPU.Build.0 = Release|Any CPU
	EndGlobalSection
	GlobalSection(SolutionProperties) = preSolution
		HideSolutionNode = FALSE
	EndGlobalSection
	GlobalSection(ExtensibilityGlobals) = postSolution
		SolutionGuid = {06EB7FFD-8CC9-48A2-ADB8-30570DC12B70}
	EndGlobalSection
EndGlobal
